
Microsoft Visual Studio Solution File, Format Version 12.00
# Visual Studio Version 17
VisualStudioVersion = 17.11.35222.181
MinimumVisualStudioVersion = 10.0.40219.1
Project("{8BC9CEB8-8B4A-11D0-8D11-00A0C91BC942}") = "winFormsApp_1", "winFormsApp_1\winFormsApp_1.vcxproj", "{34777EBF-14A8-4458-8B98-B1D4B98898B1}"
EndProject
Global
	GlobalSection(SolutionConfigurationPlatforms) = preSolution
		Debug|x64 = Debug|x64
		Debug|x86 = Debug|x86
		Release|x64 = Release|x64
		Release|x86 = Release|x86
	EndGlobalSection
	GlobalSection(ProjectConfigurationPlatforms) = postSolution
		{34777EBF-14A8-4458-8B98-B1D4B98898B1}.Debug|x64.ActiveCfg = Debug|x64
		{34777EBF-14A8-4458-8B98-B1D4B98898B1}.Debug|x64.Build.0 = Debug|x64
		{34777EBF-14A8-4458-8B98-B1D4B98898B1}.Debug|x86.ActiveCfg = Debug|Win32
		{34777EBF-14A8-4458-8B98-B1D4B98898B1}.Debug|x86.Build.0 = Debug|Win32
		{34777EBF-14A8-4458-8B98-B1D4B98898B1}.Release|x64.ActiveCfg = Release|x64
		{34777EBF-14A8-4458-8B98-B1D4B98898B1}.Release|x64.Build.0 = Release|x64
		{34777EBF-14A8-4458-8B98-B1D4B98898B1}.Release|x86.ActiveCfg = Release|Win32
		{34777EBF-14A8-4458-8B98-B1D4B98898B1}.Release|x86.Build.0 = Release|Win32
	EndGlobalSection
	GlobalSection(SolutionProperties) = preSolution
		HideSolutionNode = FALSE
	EndGlobalSection
	GlobalSection(ExtensibilityGlobals) = postSolution
		SolutionGuid = {EA2F16C9-CB5F-4E7A-AC4A-275E6CB1858A}
	EndGlobalSection
EndGlobal
